
Microsoft Visual Studio Solution File, Format Version 12.00
# Visual Studio 2012
Project("{FAE04EC0-301F-11D3-BF4B-00C04F79EFBC}") = "WebPlex.Bootstrap", "WebPlex.Bootstrap\WebPlex.Bootstrap.csproj", "{D72F5C42-D6FB-4DC8-BFA7-A7B927DD85A9}"
EndProject
Project("{2150E333-8FDC-42A3-9474-1A3956D46DE8}") = ".nuget", ".nuget", "{D1C772A7-76F8-4BA9-882E-92B3FEA6905B}"
	ProjectSection(SolutionItems) = preProject
		.nuget\NuGet.Config = .nuget\NuGet.Config
		.nuget\NuGet.exe = .nuget\NuGet.exe
		.nuget\NuGet.targets = .nuget\NuGet.targets
	EndProjectSection
EndProject
Project("{FAE04EC0-301F-11D3-BF4B-00C04F79EFBC}") = "WebPlex.Bootstrap.MvcTestApplication", "WebPlex.Bootstrap.MvcTestApplication\WebPlex.Bootstrap.MvcTestApplication.csproj", "{D787457C-E00C-4786-808D-28763843538A}"
EndProject
Global
	GlobalSection(SolutionConfigurationPlatforms) = preSolution
		Debug|Any CPU = Debug|Any CPU
		Release|Any CPU = Release|Any CPU
	EndGlobalSection
	GlobalSection(ProjectConfigurationPlatforms) = postSolution
		{D72F5C42-D6FB-4DC8-BFA7-A7B927DD85A9}.Debug|Any CPU.ActiveCfg = Debug|Any CPU
		{D72F5C42-D6FB-4DC8-BFA7-A7B927DD85A9}.Debug|Any CPU.Build.0 = Debug|Any CPU
		{D72F5C42-D6FB-4DC8-BFA7-A7B927DD85A9}.Release|Any CPU.ActiveCfg = Release|Any CPU
		{D72F5C42-D6FB-4DC8-BFA7-A7B927DD85A9}.Release|Any CPU.Build.0 = Release|Any CPU
		{D787457C-E00C-4786-808D-28763843538A}.Debug|Any CPU.ActiveCfg = Debug|Any CPU
		{D787457C-E00C-4786-808D-28763843538A}.Debug|Any CPU.Build.0 = Debug|Any CPU
		{D787457C-E00C-4786-808D-28763843538A}.Release|Any CPU.ActiveCfg = Release|Any CPU
		{D787457C-E00C-4786-808D-28763843538A}.Release|Any CPU.Build.0 = Release|Any CPU
	EndGlobalSection
	GlobalSection(SolutionProperties) = preSolution
		HideSolutionNode = FALSE
	EndGlobalSection
EndGlobal
